
Microsoft Visual Studio Solution File, Format Version 12.00
# Visual Studio 14
VisualStudioVersion = 14.0.25123.0
MinimumVisualStudioVersion = 10.0.40219.1
Project("{FAE04EC0-301F-11D3-BF4B-00C04F79EFBC}") = "AGS", "AGS\AGS.csproj", "{F241AE08-A252-43F8-B286-8B4152324113}"
EndProject
Project("{FAE04EC0-301F-11D3-BF4B-00C04F79EFBC}") = "TexImport", "TexImport\TexImport.csproj", "{42AE1960-4224-4DFC-B885-99EA102263A9}"
EndProject
Global
	GlobalSection(SolutionConfigurationPlatforms) = preSolution
		Debug|Any CPU = Debug|Any CPU
		Release|Any CPU = Release|Any CPU
	EndGlobalSection
	GlobalSection(ProjectConfigurationPlatforms) = postSolution
		{F241AE08-A252-43F8-B286-8B4152324113}.Debug|Any CPU.ActiveCfg = Debug|Any CPU
		{F241AE08-A252-43F8-B286-8B4152324113}.Debug|Any CPU.Build.0 = Debug|Any CPU
		{F241AE08-A252-43F8-B286-8B4152324113}.Release|Any CPU.ActiveCfg = Release|Any CPU
		{F241AE08-A252-43F8-B286-8B4152324113}.Release|Any CPU.Build.0 = Release|Any CPU
		{42AE1960-4224-4DFC-B885-99EA102263A9}.Debug|Any CPU.ActiveCfg = Debug|Any CPU
		{42AE1960-4224-4DFC-B885-99EA102263A9}.Debug|Any CPU.Build.0 = Debug|Any CPU
		{42AE1960-4224-4DFC-B885-99EA102263A9}.Release|Any CPU.ActiveCfg = Release|Any CPU
		{42AE1960-4224-4DFC-B885-99EA102263A9}.Release|Any CPU.Build.0 = Release|Any CPU
	EndGlobalSection
	GlobalSection(SolutionProperties) = preSolution
		HideSolutionNode = FALSE
	EndGlobalSection
EndGlobal
